
Microsoft Visual Studio Solution File, Format Version 12.00
# Visual Studio Version 17
VisualStudioVersion = 17.6.33712.159
MinimumVisualStudioVersion = 10.0.40219.1
Project("{9A19103F-16F7-4668-BE54-9A1E7A4F7556}") = "AccountingServer", "AccountingServer.csproj", "{0A967152-A51F-45EE-976A-6AF5C25EBC61}"
EndProject
Global
	GlobalSection(SolutionConfigurationPlatforms) = preSolution
		Debug|Any CPU = Debug|Any CPU
		Release|Any CPU = Release|Any CPU
	EndGlobalSection
	GlobalSection(ProjectConfigurationPlatforms) = postSolution
		{0A967152-A51F-45EE-976A-6AF5C25EBC61}.Debug|Any CPU.ActiveCfg = Debug|Any CPU
		{0A967152-A51F-45EE-976A-6AF5C25EBC61}.Debug|Any CPU.Build.0 = Debug|Any CPU
		{0A967152-A51F-45EE-976A-6AF5C25EBC61}.Release|Any CPU.ActiveCfg = Release|Any CPU
		{0A967152-A51F-45EE-976A-6AF5C25EBC61}.Release|Any CPU.Build.0 = Release|Any CPU
	EndGlobalSection
	GlobalSection(SolutionProperties) = preSolution
		HideSolutionNode = FALSE
	EndGlobalSection
	GlobalSection(ExtensibilityGlobals) = postSolution
		SolutionGuid = {2555390D-3BFC-497D-8D73-D43FA2F8F205}
	EndGlobalSection
EndGlobal
